// !$*UTF8*$!
{
	archiveVersion = 1;
	classes = {
	};
	objectVersion = 46;
	objects = {

/* Begin PBXBuildFile section */
		273BE9C2179B2BA500D7FBA6 /* WeatherData.xcdatamodeld in Sources */ = {isa = PBXBuildFile; fileRef = 273BE9C0179B2BA500D7FBA6 /* WeatherData.xcdatamodeld */; };
		273BE9CA179B2D0500D7FBA6 /* _CurrentLocalWeather.m in Sources */ = {isa = PBXBuildFile; fileRef = 273BE9C7179B2D0500D7FBA6 /* _CurrentLocalWeather.m */; };
		273BE9CB179B2D0500D7FBA6 /* CurrentLocalWeather.m in Sources */ = {isa = PBXBuildFile; fileRef = 273BE9C9179B2D0500D7FBA6 /* CurrentLocalWeather.m */; };
		278F0ABD179B33EE0035F125 /* WeatherForecast.m in Sources */ = {isa = PBXBuildFile; fileRef = 278F0ABC179B33EE0035F125 /* WeatherForecast.m */; };
		27B59B511785DE4A00107F49 /* Foundation.framework in Frameworks */ = {isa = PBXBuildFile; fileRef = 27B59B501785DE4A00107F49 /* Foundation.framework */; };
		27B59B531785DE4A00107F49 /* CoreGraphics.framework in Frameworks */ = {isa = PBXBuildFile; fileRef = 27B59B521785DE4A00107F49 /* CoreGraphics.framework */; };
		27B59B551785DE4A00107F49 /* UIKit.framework in Frameworks */ = {isa = PBXBuildFile; fileRef = 27B59B541785DE4A00107F49 /* UIKit.framework */; };
		27B59B5B1785DE4A00107F49 /* InfoPlist.strings in Resources */ = {isa = PBXBuildFile; fileRef = 27B59B591785DE4A00107F49 /* InfoPlist.strings */; };
		27B59B5D1785DE4A00107F49 /* main.m in Sources */ = {isa = PBXBuildFile; fileRef = 27B59B5C1785DE4A00107F49 /* main.m */; };
		27B59B611785DE4A00107F49 /* AppDelegate.m in Sources */ = {isa = PBXBuildFile; fileRef = 27B59B601785DE4A00107F49 /* AppDelegate.m */; };
		27B59B691785DE4A00107F49 /* Images.xcassets in Resources */ = {isa = PBXBuildFile; fileRef = 27B59B681785DE4A00107F49 /* Images.xcassets */; };
		27B59B701785DE4A00107F49 /* XCTest.framework in Frameworks */ = {isa = PBXBuildFile; fileRef = 27B59B6F1785DE4A00107F49 /* XCTest.framework */; };
		27B59B711785DE4A00107F49 /* Foundation.framework in Frameworks */ = {isa = PBXBuildFile; fileRef = 27B59B501785DE4A00107F49 /* Foundation.framework */; };
		27B59B721785DE4A00107F49 /* UIKit.framework in Frameworks */ = {isa = PBXBuildFile; fileRef = 27B59B541785DE4A00107F49 /* UIKit.framework */; };
		27B59B7A1785DE4A00107F49 /* InfoPlist.strings in Resources */ = {isa = PBXBuildFile; fileRef = 27B59B781785DE4A00107F49 /* InfoPlist.strings */; };
		27B59B7C1785DE4A00107F49 /* LocalWeatherTests.m in Sources */ = {isa = PBXBuildFile; fileRef = 27B59B7B1785DE4A00107F49 /* LocalWeatherTests.m */; };
		27B59BAD1786062700107F49 /* MobileCoreServices.framework in Frameworks */ = {isa = PBXBuildFile; fileRef = 27B59BAC1786062700107F49 /* MobileCoreServices.framework */; };
		27B59BAF1786064C00107F49 /* SystemConfiguration.framework in Frameworks */ = {isa = PBXBuildFile; fileRef = 27B59BAE1786064C00107F49 /* SystemConfiguration.framework */; };
		27B59BB21786067900107F49 /* WeatherFetcher.m in Sources */ = {isa = PBXBuildFile; fileRef = 27B59BB11786067900107F49 /* WeatherFetcher.m */; };
		27B59BB31786067900107F49 /* WeatherFetcher.m in Sources */ = {isa = PBXBuildFile; fileRef = 27B59BB11786067900107F49 /* WeatherFetcher.m */; };
		9A09C23E178E3BB3003616B4 /* SVProgressHUD.bundle in Resources */ = {isa = PBXBuildFile; fileRef = 9A09C23B178E3BB3003616B4 /* SVProgressHUD.bundle */; };
		9A09C23F178E3BB3003616B4 /* SVProgressHUD.m in Sources */ = {isa = PBXBuildFile; fileRef = 9A09C23D178E3BB3003616B4 /* SVProgressHUD.m */; };
		9A09C241178E3C52003616B4 /* QuartzCore.framework in Frameworks */ = {isa = PBXBuildFile; fileRef = 9A09C240178E3C52003616B4 /* QuartzCore.framework */; };
		9A09C245178EBD1B003616B4 /* CurrentWeatherView.m in Sources */ = {isa = PBXBuildFile; fileRef = 9A09C244178EBD1B003616B4 /* CurrentWeatherView.m */; };
		9A201CD217B3B3810053674E /* ForecastTableCell.m in Sources */ = {isa = PBXBuildFile; fileRef = 9A201CD117B3B3810053674E /* ForecastTableCell.m */; };
		9A550DA71792CC3700BEB80B /* CurrentWeather.m in Sources */ = {isa = PBXBuildFile; fileRef = 9A550DA61792CC3700BEB80B /* CurrentWeather.m */; };
		9A550DA81792CC3700BEB80B /* CurrentWeather.m in Sources */ = {isa = PBXBuildFile; fileRef = 9A550DA61792CC3700BEB80B /* CurrentWeather.m */; };
		9A976CF0178F186600040DAA /* WeatherViewController.m in Sources */ = {isa = PBXBuildFile; fileRef = 9A976CEF178F186500040DAA /* WeatherViewController.m */; };
		9AB72AA817B2607D00E4ACAD /* WeatherForecastDay.m in Sources */ = {isa = PBXBuildFile; fileRef = 9AB72AA717B2607D00E4ACAD /* WeatherForecastDay.m */; };
		9AC51962178D95700008D9E2 /* Main.storyboard in Resources */ = {isa = PBXBuildFile; fileRef = 9AC51961178D95700008D9E2 /* Main.storyboard */; };
		9AE06A22185DEB880052AAA1 /* FakeWeatherUndergroundAPI.m in Sources */ = {isa = PBXBuildFile; fileRef = 9AE06A21185DEB880052AAA1 /* FakeWeatherUndergroundAPI.m */; };
		9AE06A23185DEB950052AAA1 /* FakeWeatherUndergroundAPI.m in Sources */ = {isa = PBXBuildFile; fileRef = 9AE06A21185DEB880052AAA1 /* FakeWeatherUndergroundAPI.m */; };
		9AE06A2E185E29A90052AAA1 /* OHHTTPStubs.m in Sources */ = {isa = PBXBuildFile; fileRef = 9AE06A26185E29A90052AAA1 /* OHHTTPStubs.m */; };
		9AE06A2F185E29A90052AAA1 /* OHHTTPStubs.m in Sources */ = {isa = PBXBuildFile; fileRef = 9AE06A26185E29A90052AAA1 /* OHHTTPStubs.m */; };
		9AE06A30185E29A90052AAA1 /* OHHTTPStubs+NSURLSessionConfiguration.m in Sources */ = {isa = PBXBuildFile; fileRef = 9AE06A27185E29A90052AAA1 /* OHHTTPStubs+NSURLSessionConfiguration.m */; };
		9AE06A31185E29A90052AAA1 /* OHHTTPStubs+NSURLSessionConfiguration.m in Sources */ = {isa = PBXBuildFile; fileRef = 9AE06A27185E29A90052AAA1 /* OHHTTPStubs+NSURLSessionConfiguration.m */; };
		9AE06A32185E29A90052AAA1 /* OHHTTPStubsResponse.m in Sources */ = {isa = PBXBuildFile; fileRef = 9AE06A29185E29A90052AAA1 /* OHHTTPStubsResponse.m */; };
		9AE06A33185E29A90052AAA1 /* OHHTTPStubsResponse.m in Sources */ = {isa = PBXBuildFile; fileRef = 9AE06A29185E29A90052AAA1 /* OHHTTPStubsResponse.m */; };
		9AE06A34185E29A90052AAA1 /* OHHTTPStubsResponse+HTTPMessage.m in Sources */ = {isa = PBXBuildFile; fileRef = 9AE06A2B185E29A90052AAA1 /* OHHTTPStubsResponse+HTTPMessage.m */; };
		9AE06A35185E29A90052AAA1 /* OHHTTPStubsResponse+HTTPMessage.m in Sources */ = {isa = PBXBuildFile; fileRef = 9AE06A2B185E29A90052AAA1 /* OHHTTPStubsResponse+HTTPMessage.m */; };
		9AE06A36185E29A90052AAA1 /* OHHTTPStubsResponse+JSON.m in Sources */ = {isa = PBXBuildFile; fileRef = 9AE06A2D185E29A90052AAA1 /* OHHTTPStubsResponse+JSON.m */; };
		9AE06A37185E29A90052AAA1 /* OHHTTPStubsResponse+JSON.m in Sources */ = {isa = PBXBuildFile; fileRef = 9AE06A2D185E29A90052AAA1 /* OHHTTPStubsResponse+JSON.m */; };
		9AE06A3A185E709A0052AAA1 /* FL_Tampa_Forecast.json in Resources */ = {isa = PBXBuildFile; fileRef = 9AE06A38185E709A0052AAA1 /* FL_Tampa_Forecast.json */; };
		9AE06A3B185E709A0052AAA1 /* FL_Tampa_Forecast.json in Resources */ = {isa = PBXBuildFile; fileRef = 9AE06A38185E709A0052AAA1 /* FL_Tampa_Forecast.json */; };
		9AE06A3C185E709A0052AAA1 /* FL_Tampa_Conditions.json in Resources */ = {isa = PBXBuildFile; fileRef = 9AE06A39185E709A0052AAA1 /* FL_Tampa_Conditions.json */; };
		9AE06A3D185E709A0052AAA1 /* FL_Tampa_Conditions.json in Resources */ = {isa = PBXBuildFile; fileRef = 9AE06A39185E709A0052AAA1 /* FL_Tampa_Conditions.json */; };
		9AF409D21786DF660071BFF2 /* CoreLocation.framework in Frameworks */ = {isa = PBXBuildFile; fileRef = 9AF409D11786DF660071BFF2 /* CoreLocation.framework */; };
/* End PBXBuildFile section */

/* Begin PBXContainerItemProxy section */
		27B59B731785DE4A00107F49 /* PBXContainerItemProxy */ = {
			isa = PBXContainerItemProxy;
			containerPortal = 27B59B451785DE4A00107F49 /* Project object */;
			proxyType = 1;
			remoteGlobalIDString = 27B59B4C1785DE4A00107F49;
			remoteInfo = LocalWeather;
		};
/* End PBXContainerItemProxy section */

/* Begin PBXFileReference section */
		273BE9C1179B2BA500D7FBA6 /* WeatherData.xcdatamodel */ = {isa = PBXFileReference; lastKnownFileType = wrapper.xcdatamodel; path = WeatherData.xcdatamodel; sourceTree = "<group>"; };
		273BE9C6179B2D0500D7FBA6 /* _CurrentLocalWeather.h */ = {isa = PBXFileReference; fileEncoding = 4; lastKnownFileType = sourcecode.c.h; path = _CurrentLocalWeather.h; sourceTree = "<group>"; };
		273BE9C7179B2D0500D7FBA6 /* _CurrentLocalWeather.m */ = {isa = PBXFileReference; fileEncoding = 4; lastKnownFileType = sourcecode.c.objc; path = _CurrentLocalWeather.m; sourceTree = "<group>"; };
		273BE9C8179B2D0500D7FBA6 /* CurrentLocalWeather.h */ = {isa = PBXFileReference; fileEncoding = 4; lastKnownFileType = sourcecode.c.h; path = CurrentLocalWeather.h; sourceTree = "<group>"; };
		273BE9C9179B2D0500D7FBA6 /* CurrentLocalWeather.m */ = {isa = PBXFileReference; fileEncoding = 4; lastKnownFileType = sourcecode.c.objc; path = CurrentLocalWeather.m; sourceTree = "<group>"; };
		278F0AB7179B2EC80035F125 /* CoreDataStack.h */ = {isa = PBXFileReference; fileEncoding = 4; lastKnownFileType = sourcecode.c.h; path = CoreDataStack.h; sourceTree = "<group>"; };
		278F0AB8179B2EC80035F125 /* CoreDataStack.m */ = {isa = PBXFileReference; fileEncoding = 4; lastKnownFileType = sourcecode.c.objc; path = CoreDataStack.m; sourceTree = "<group>"; };
		278F0ABC179B33EE0035F125 /* WeatherForecast.m */ = {isa = PBXFileReference; fileEncoding = 4; lastKnownFileType = sourcecode.c.objc; path = WeatherForecast.m; sourceTree = "<group>"; };
		27B59B4D1785DE4A00107F49 /* LocalWeather.app */ = {isa = PBXFileReference; explicitFileType = wrapper.application; includeInIndex = 0; path = LocalWeather.app; sourceTree = BUILT_PRODUCTS_DIR; };
		27B59B501785DE4A00107F49 /* Foundation.framework */ = {isa = PBXFileReference; lastKnownFileType = wrapper.framework; name = Foundation.framework; path = System/Library/Frameworks/Foundation.framework; sourceTree = SDKROOT; };
		27B59B521785DE4A00107F49 /* CoreGraphics.framework */ = {isa = PBXFileReference; lastKnownFileType = wrapper.framework; name = CoreGraphics.framework; path = System/Library/Frameworks/CoreGraphics.framework; sourceTree = SDKROOT; };
		27B59B541785DE4A00107F49 /* UIKit.framework */ = {isa = PBXFileReference; lastKnownFileType = wrapper.framework; name = UIKit.framework; path = System/Library/Frameworks/UIKit.framework; sourceTree = SDKROOT; };
		27B59B581785DE4A00107F49 /* LocalWeather-Info.plist */ = {isa = PBXFileReference; lastKnownFileType = text.plist.xml; path = "LocalWeather-Info.plist"; sourceTree = "<group>"; };
		27B59B5A1785DE4A00107F49 /* en */ = {isa = PBXFileReference; lastKnownFileType = text.plist.strings; name = en; path = en.lproj/InfoPlist.strings; sourceTree = "<group>"; };
		27B59B5C1785DE4A00107F49 /* main.m */ = {isa = PBXFileReference; lastKnownFileType = sourcecode.c.objc; path = main.m; sourceTree = "<group>"; };
		27B59B5E1785DE4A00107F49 /* LocalWeather-Prefix.pch */ = {isa = PBXFileReference; lastKnownFileType = sourcecode.c.h; path = "LocalWeather-Prefix.pch"; sourceTree = "<group>"; };
		27B59B5F1785DE4A00107F49 /* AppDelegate.h */ = {isa = PBXFileReference; lastKnownFileType = sourcecode.c.h; path = AppDelegate.h; sourceTree = "<group>"; };
		27B59B601785DE4A00107F49 /* AppDelegate.m */ = {isa = PBXFileReference; lastKnownFileType = sourcecode.c.objc; path = AppDelegate.m; sourceTree = "<group>"; };
		27B59B681785DE4A00107F49 /* Images.xcassets */ = {isa = PBXFileReference; lastKnownFileType = folder.assetcatalog; path = Images.xcassets; sourceTree = "<group>"; };
		27B59B6E1785DE4A00107F49 /* LocalWeatherTests.xctest */ = {isa = PBXFileReference; explicitFileType = wrapper.cfbundle; includeInIndex = 0; path = LocalWeatherTests.xctest; sourceTree = BUILT_PRODUCTS_DIR; };
		27B59B6F1785DE4A00107F49 /* XCTest.framework */ = {isa = PBXFileReference; lastKnownFileType = wrapper.framework; name = XCTest.framework; path = Library/Frameworks/XCTest.framework; sourceTree = DEVELOPER_DIR; };
		27B59B771785DE4A00107F49 /* LocalWeatherTests-Info.plist */ = {isa = PBXFileReference; lastKnownFileType = text.plist.xml; path = "LocalWeatherTests-Info.plist"; sourceTree = "<group>"; };
		27B59B791785DE4A00107F49 /* en */ = {isa = PBXFileReference; lastKnownFileType = text.plist.strings; name = en; path = en.lproj/InfoPlist.strings; sourceTree = "<group>"; };
		27B59B7B1785DE4A00107F49 /* LocalWeatherTests.m */ = {isa = PBXFileReference; lastKnownFileType = sourcecode.c.objc; path = LocalWeatherTests.m; sourceTree = "<group>"; };
		27B59BAC1786062700107F49 /* MobileCoreServices.framework */ = {isa = PBXFileReference; lastKnownFileType = wrapper.framework; name = MobileCoreServices.framework; path = System/Library/Frameworks/MobileCoreServices.framework; sourceTree = SDKROOT; };
		27B59BAE1786064C00107F49 /* SystemConfiguration.framework */ = {isa = PBXFileReference; lastKnownFileType = wrapper.framework; name = SystemConfiguration.framework; path = System/Library/Frameworks/SystemConfiguration.framework; sourceTree = SDKROOT; };
		27B59BB01786067900107F49 /* WeatherFetcher.h */ = {isa = PBXFileReference; fileEncoding = 4; lastKnownFileType = sourcecode.c.h; path = WeatherFetcher.h; sourceTree = "<group>"; };
		27B59BB11786067900107F49 /* WeatherFetcher.m */ = {isa = PBXFileReference; fileEncoding = 4; lastKnownFileType = sourcecode.c.objc; path = WeatherFetcher.m; sourceTree = "<group>"; };
		9A09C23B178E3BB3003616B4 /* SVProgressHUD.bundle */ = {isa = PBXFileReference; lastKnownFileType = "wrapper.plug-in"; path = SVProgressHUD.bundle; sourceTree = "<group>"; };
		9A09C23C178E3BB3003616B4 /* SVProgressHUD.h */ = {isa = PBXFileReference; fileEncoding = 4; lastKnownFileType = sourcecode.c.h; path = SVProgressHUD.h; sourceTree = "<group>"; };
		9A09C23D178E3BB3003616B4 /* SVProgressHUD.m */ = {isa = PBXFileReference; fileEncoding = 4; lastKnownFileType = sourcecode.c.objc; path = SVProgressHUD.m; sourceTree = "<group>"; };
		9A09C240178E3C52003616B4 /* QuartzCore.framework */ = {isa = PBXFileReference; lastKnownFileType = wrapper.framework; name = QuartzCore.framework; path = System/Library/Frameworks/QuartzCore.framework; sourceTree = SDKROOT; };
		9A09C243178EBD1B003616B4 /* CurrentWeatherView.h */ = {isa = PBXFileReference; fileEncoding = 4; lastKnownFileType = sourcecode.c.h; path = CurrentWeatherView.h; sourceTree = "<group>"; };
		9A09C244178EBD1B003616B4 /* CurrentWeatherView.m */ = {isa = PBXFileReference; fileEncoding = 4; lastKnownFileType = sourcecode.c.objc; path = CurrentWeatherView.m; sourceTree = "<group>"; };
		9A201CD017B3B3810053674E /* ForecastTableCell.h */ = {isa = PBXFileReference; fileEncoding = 4; lastKnownFileType = sourcecode.c.h; path = ForecastTableCell.h; sourceTree = "<group>"; };
		9A201CD117B3B3810053674E /* ForecastTableCell.m */ = {isa = PBXFileReference; fileEncoding = 4; lastKnownFileType = sourcecode.c.objc; path = ForecastTableCell.m; sourceTree = "<group>"; };
		9A550DA51792CC3700BEB80B /* CurrentWeather.h */ = {isa = PBXFileReference; fileEncoding = 4; lastKnownFileType = sourcecode.c.h; path = CurrentWeather.h; sourceTree = "<group>"; };
		9A550DA61792CC3700BEB80B /* CurrentWeather.m */ = {isa = PBXFileReference; fileEncoding = 4; lastKnownFileType = sourcecode.c.objc; path = CurrentWeather.m; sourceTree = "<group>"; };
		9A976CEE178F186500040DAA /* WeatherViewController.h */ = {isa = PBXFileReference; fileEncoding = 4; lastKnownFileType = sourcecode.c.h; path = WeatherViewController.h; sourceTree = "<group>"; };
		9A976CEF178F186500040DAA /* WeatherViewController.m */ = {isa = PBXFileReference; fileEncoding = 4; lastKnownFileType = sourcecode.c.objc; path = WeatherViewController.m; sourceTree = "<group>"; };
		9AB72AA517B25CF100E4ACAD /* WeatherForecast.h */ = {isa = PBXFileReference; fileEncoding = 4; lastKnownFileType = sourcecode.c.h; path = WeatherForecast.h; sourceTree = "<group>"; };
		9AB72AA617B2607D00E4ACAD /* WeatherForecastDay.h */ = {isa = PBXFileReference; fileEncoding = 4; lastKnownFileType = sourcecode.c.h; path = WeatherForecastDay.h; sourceTree = "<group>"; };
		9AB72AA717B2607D00E4ACAD /* WeatherForecastDay.m */ = {isa = PBXFileReference; fileEncoding = 4; lastKnownFileType = sourcecode.c.objc; path = WeatherForecastDay.m; sourceTree = "<group>"; };
		9AC51961178D95700008D9E2 /* Main.storyboard */ = {isa = PBXFileReference; fileEncoding = 4; lastKnownFileType = file.storyboard; path = Main.storyboard; sourceTree = "<group>"; };
		9AE06A20185DEB880052AAA1 /* FakeWeatherUndergroundAPI.h */ = {isa = PBXFileReference; fileEncoding = 4; lastKnownFileType = sourcecode.c.h; path = FakeWeatherUndergroundAPI.h; sourceTree = "<group>"; };
		9AE06A21185DEB880052AAA1 /* FakeWeatherUndergroundAPI.m */ = {isa = PBXFileReference; fileEncoding = 4; lastKnownFileType = sourcecode.c.objc; path = FakeWeatherUndergroundAPI.m; sourceTree = "<group>"; };
		9AE06A25185E29A90052AAA1 /* OHHTTPStubs.h */ = {isa = PBXFileReference; fileEncoding = 4; lastKnownFileType = sourcecode.c.h; path = OHHTTPStubs.h; sourceTree = "<group>"; };
		9AE06A26185E29A90052AAA1 /* OHHTTPStubs.m */ = {isa = PBXFileReference; fileEncoding = 4; lastKnownFileType = sourcecode.c.objc; path = OHHTTPStubs.m; sourceTree = "<group>"; };
		9AE06A27185E29A90052AAA1 /* OHHTTPStubs+NSURLSessionConfiguration.m */ = {isa = PBXFileReference; fileEncoding = 4; lastKnownFileType = sourcecode.c.objc; path = "OHHTTPStubs+NSURLSessionConfiguration.m"; sourceTree = "<group>"; };
		9AE06A28185E29A90052AAA1 /* OHHTTPStubsResponse.h */ = {isa = PBXFileReference; fileEncoding = 4; lastKnownFileType = sourcecode.c.h; path = OHHTTPStubsResponse.h; sourceTree = "<group>"; };
		9AE06A29185E29A90052AAA1 /* OHHTTPStubsResponse.m */ = {isa = PBXFileReference; fileEncoding = 4; lastKnownFileType = sourcecode.c.objc; path = OHHTTPStubsResponse.m; sourceTree = "<group>"; };
		9AE06A2A185E29A90052AAA1 /* OHHTTPStubsResponse+HTTPMessage.h */ = {isa = PBXFileReference; fileEncoding = 4; lastKnownFileType = sourcecode.c.h; path = "OHHTTPStubsResponse+HTTPMessage.h"; sourceTree = "<group>"; };
		9AE06A2B185E29A90052AAA1 /* OHHTTPStubsResponse+HTTPMessage.m */ = {isa = PBXFileReference; fileEncoding = 4; lastKnownFileType = sourcecode.c.objc; path = "OHHTTPStubsResponse+HTTPMessage.m"; sourceTree = "<group>"; };
		9AE06A2C185E29A90052AAA1 /* OHHTTPStubsResponse+JSON.h */ = {isa = PBXFileReference; fileEncoding = 4; lastKnownFileType = sourcecode.c.h; path = "OHHTTPStubsResponse+JSON.h"; sourceTree = "<group>"; };
		9AE06A2D185E29A90052AAA1 /* OHHTTPStubsResponse+JSON.m */ = {isa = PBXFileReference; fileEncoding = 4; lastKnownFileType = sourcecode.c.objc; path = "OHHTTPStubsResponse+JSON.m"; sourceTree = "<group>"; };
		9AE06A38185E709A0052AAA1 /* FL_Tampa_Forecast.json */ = {isa = PBXFileReference; fileEncoding = 4; lastKnownFileType = text.json; path = FL_Tampa_Forecast.json; sourceTree = "<group>"; };
		9AE06A39185E709A0052AAA1 /* FL_Tampa_Conditions.json */ = {isa = PBXFileReference; fileEncoding = 4; lastKnownFileType = text.json; path = FL_Tampa_Conditions.json; sourceTree = "<group>"; };
		9AF409D11786DF660071BFF2 /* CoreLocation.framework */ = {isa = PBXFileReference; lastKnownFileType = wrapper.framework; name = CoreLocation.framework; path = System/Library/Frameworks/CoreLocation.framework; sourceTree = SDKROOT; };
/* End PBXFileReference section */

/* Begin PBXFrameworksBuildPhase section */
		27B59B4A1785DE4A00107F49 /* Frameworks */ = {
			isa = PBXFrameworksBuildPhase;
			buildActionMask = 2147483647;
			files = (
				9A09C241178E3C52003616B4 /* QuartzCore.framework in Frameworks */,
				9AF409D21786DF660071BFF2 /* CoreLocation.framework in Frameworks */,
				27B59BAF1786064C00107F49 /* SystemConfiguration.framework in Frameworks */,
				27B59BAD1786062700107F49 /* MobileCoreServices.framework in Frameworks */,
				27B59B531785DE4A00107F49 /* CoreGraphics.framework in Frameworks */,
				27B59B551785DE4A00107F49 /* UIKit.framework in Frameworks */,
				27B59B511785DE4A00107F49 /* Foundation.framework in Frameworks */,
			);
			runOnlyForDeploymentPostprocessing = 0;
		};
		27B59B6B1785DE4A00107F49 /* Frameworks */ = {
			isa = PBXFrameworksBuildPhase;
			buildActionMask = 2147483647;
			files = (
				27B59B701785DE4A00107F49 /* XCTest.framework in Frameworks */,
				27B59B721785DE4A00107F49 /* UIKit.framework in Frameworks */,
				27B59B711785DE4A00107F49 /* Foundation.framework in Frameworks */,
			);
			runOnlyForDeploymentPostprocessing = 0;
		};
/* End PBXFrameworksBuildPhase section */

/* Begin PBXGroup section */
		278F0ABA179B33BF0035F125 /* Model */ = {
			isa = PBXGroup;
			children = (
				278F0AB7179B2EC80035F125 /* CoreDataStack.h */,
				278F0AB8179B2EC80035F125 /* CoreDataStack.m */,
				273BE9C6179B2D0500D7FBA6 /* _CurrentLocalWeather.h */,
				273BE9C7179B2D0500D7FBA6 /* _CurrentLocalWeather.m */,
				273BE9C8179B2D0500D7FBA6 /* CurrentLocalWeather.h */,
				273BE9C9179B2D0500D7FBA6 /* CurrentLocalWeather.m */,
				273BE9C0179B2BA500D7FBA6 /* WeatherData.xcdatamodeld */,
			);
			name = Model;
			sourceTree = "<group>";
		};
		27B59B441785DE4A00107F49 = {
			isa = PBXGroup;
			children = (
				9A09C240178E3C52003616B4 /* QuartzCore.framework */,
				27B59B561785DE4A00107F49 /* LocalWeather */,
				9A09C23A178E3BB3003616B4 /* SVProgressHUD */,
				27B59B751785DE4A00107F49 /* LocalWeatherTests */,
				27B59B4F1785DE4A00107F49 /* Frameworks */,
				27B59B4E1785DE4A00107F49 /* Products */,
			);
			sourceTree = "<group>";
		};
		27B59B4E1785DE4A00107F49 /* Products */ = {
			isa = PBXGroup;
			children = (
				27B59B4D1785DE4A00107F49 /* LocalWeather.app */,
				27B59B6E1785DE4A00107F49 /* LocalWeatherTests.xctest */,
			);
			name = Products;
			sourceTree = "<group>";
		};
		27B59B4F1785DE4A00107F49 /* Frameworks */ = {
			isa = PBXGroup;
			children = (
				9AF409D11786DF660071BFF2 /* CoreLocation.framework */,
				27B59BAE1786064C00107F49 /* SystemConfiguration.framework */,
				27B59BAC1786062700107F49 /* MobileCoreServices.framework */,
				27B59B501785DE4A00107F49 /* Foundation.framework */,
				27B59B521785DE4A00107F49 /* CoreGraphics.framework */,
				27B59B541785DE4A00107F49 /* UIKit.framework */,
				27B59B6F1785DE4A00107F49 /* XCTest.framework */,
			);
			name = Frameworks;
			sourceTree = "<group>";
		};
		27B59B561785DE4A00107F49 /* LocalWeather */ = {
			isa = PBXGroup;
			children = (
				27B59B851785DE7B00107F49 /* Fetcher */,
				9A09C239178E3412003616B4 /* LocalWeatherUI */,
				9A09C238178E33FF003616B4 /* App Delegate */,
				27B59B681785DE4A00107F49 /* Images.xcassets */,
				27B59B571785DE4A00107F49 /* Supporting Files */,
			);
			path = LocalWeather;
			sourceTree = "<group>";
		};
		27B59B571785DE4A00107F49 /* Supporting Files */ = {
			isa = PBXGroup;
			children = (
				9AE06A24185E29960052AAA1 /* OHHTTPStubs */,
				27B59B581785DE4A00107F49 /* LocalWeather-Info.plist */,
				27B59B591785DE4A00107F49 /* InfoPlist.strings */,
				27B59B5C1785DE4A00107F49 /* main.m */,
				27B59B5E1785DE4A00107F49 /* LocalWeather-Prefix.pch */,
			);
			name = "Supporting Files";
			sourceTree = "<group>";
		};
		27B59B751785DE4A00107F49 /* LocalWeatherTests */ = {
			isa = PBXGroup;
			children = (
				27B59B7B1785DE4A00107F49 /* LocalWeatherTests.m */,
				27B59B761785DE4A00107F49 /* Supporting Files */,
			);
			path = LocalWeatherTests;
			sourceTree = "<group>";
		};
		27B59B761785DE4A00107F49 /* Supporting Files */ = {
			isa = PBXGroup;
			children = (
				9AE06A38185E709A0052AAA1 /* FL_Tampa_Forecast.json */,
				9AE06A39185E709A0052AAA1 /* FL_Tampa_Conditions.json */,
				27B59B771785DE4A00107F49 /* LocalWeatherTests-Info.plist */,
				27B59B781785DE4A00107F49 /* InfoPlist.strings */,
			);
			name = "Supporting Files";
			sourceTree = "<group>";
		};
		27B59B851785DE7B00107F49 /* Fetcher */ = {
			isa = PBXGroup;
			children = (
				278F0ABA179B33BF0035F125 /* Model */,
				9A550DA51792CC3700BEB80B /* CurrentWeather.h */,
				9A550DA61792CC3700BEB80B /* CurrentWeather.m */,
				9AB72AA617B2607D00E4ACAD /* WeatherForecastDay.h */,
				9AB72AA717B2607D00E4ACAD /* WeatherForecastDay.m */,
				9AB72AA517B25CF100E4ACAD /* WeatherForecast.h */,
				278F0ABC179B33EE0035F125 /* WeatherForecast.m */,
				27B59BB01786067900107F49 /* WeatherFetcher.h */,
				27B59BB11786067900107F49 /* WeatherFetcher.m */,
				9AE06A20185DEB880052AAA1 /* FakeWeatherUndergroundAPI.h */,
				9AE06A21185DEB880052AAA1 /* FakeWeatherUndergroundAPI.m */,
			);
			name = Fetcher;
			sourceTree = "<group>";
		};
		9A09C238178E33FF003616B4 /* App Delegate */ = {
			isa = PBXGroup;
			children = (
				27B59B5F1785DE4A00107F49 /* AppDelegate.h */,
				27B59B601785DE4A00107F49 /* AppDelegate.m */,
			);
			name = "App Delegate";
			sourceTree = "<group>";
		};
		9A09C239178E3412003616B4 /* LocalWeatherUI */ = {
			isa = PBXGroup;
			children = (
				9A09C242178E48B3003616B4 /* CurrentWeatherView */,
				9A976CEE178F186500040DAA /* WeatherViewController.h */,
				9A976CEF178F186500040DAA /* WeatherViewController.m */,
				9AC51961178D95700008D9E2 /* Main.storyboard */,
			);
			name = LocalWeatherUI;
			sourceTree = "<group>";
		};
		9A09C23A178E3BB3003616B4 /* SVProgressHUD */ = {
			isa = PBXGroup;
			children = (
				9A09C23B178E3BB3003616B4 /* SVProgressHUD.bundle */,
				9A09C23C178E3BB3003616B4 /* SVProgressHUD.h */,
				9A09C23D178E3BB3003616B4 /* SVProgressHUD.m */,
			);
			path = SVProgressHUD;
			sourceTree = "<group>";
		};
		9A09C242178E48B3003616B4 /* CurrentWeatherView */ = {
			isa = PBXGroup;
			children = (
				9A201CD017B3B3810053674E /* ForecastTableCell.h */,
				9A201CD117B3B3810053674E /* ForecastTableCell.m */,
				9A09C243178EBD1B003616B4 /* CurrentWeatherView.h */,
				9A09C244178EBD1B003616B4 /* CurrentWeatherView.m */,
			);
			name = CurrentWeatherView;
			sourceTree = "<group>";
		};
		9AE06A24185E29960052AAA1 /* OHHTTPStubs */ = {
			isa = PBXGroup;
			children = (
				9AE06A25185E29A90052AAA1 /* OHHTTPStubs.h */,
				9AE06A26185E29A90052AAA1 /* OHHTTPStubs.m */,
				9AE06A27185E29A90052AAA1 /* OHHTTPStubs+NSURLSessionConfiguration.m */,
				9AE06A28185E29A90052AAA1 /* OHHTTPStubsResponse.h */,
				9AE06A29185E29A90052AAA1 /* OHHTTPStubsResponse.m */,
				9AE06A2A185E29A90052AAA1 /* OHHTTPStubsResponse+HTTPMessage.h */,
				9AE06A2B185E29A90052AAA1 /* OHHTTPStubsResponse+HTTPMessage.m */,
				9AE06A2C185E29A90052AAA1 /* OHHTTPStubsResponse+JSON.h */,
				9AE06A2D185E29A90052AAA1 /* OHHTTPStubsResponse+JSON.m */,
			);
			name = OHHTTPStubs;
			sourceTree = "<group>";
		};
/* End PBXGroup section */

/* Begin PBXNativeTarget section */
		27B59B4C1785DE4A00107F49 /* LocalWeather */ = {
			isa = PBXNativeTarget;
			buildConfigurationList = 27B59B7F1785DE4A00107F49 /* Build configuration list for PBXNativeTarget "LocalWeather" */;
			buildPhases = (
				27B59B491785DE4A00107F49 /* Sources */,
				27B59B4A1785DE4A00107F49 /* Frameworks */,
				27B59B4B1785DE4A00107F49 /* Resources */,
			);
			buildRules = (
			);
			dependencies = (
			);
			name = LocalWeather;
			productName = LocalWeather;
			productReference = 27B59B4D1785DE4A00107F49 /* LocalWeather.app */;
			productType = "com.apple.product-type.application";
		};
		27B59B6D1785DE4A00107F49 /* LocalWeatherTests */ = {
			isa = PBXNativeTarget;
			buildConfigurationList = 27B59B821785DE4A00107F49 /* Build configuration list for PBXNativeTarget "LocalWeatherTests" */;
			buildPhases = (
				27B59B6A1785DE4A00107F49 /* Sources */,
				27B59B6B1785DE4A00107F49 /* Frameworks */,
				27B59B6C1785DE4A00107F49 /* Resources */,
			);
			buildRules = (
			);
			dependencies = (
				27B59B741785DE4A00107F49 /* PBXTargetDependency */,
			);
			name = LocalWeatherTests;
			productName = LocalWeatherTests;
			productReference = 27B59B6E1785DE4A00107F49 /* LocalWeatherTests.xctest */;
			productType = "com.apple.product-type.bundle.unit-test";
		};
/* End PBXNativeTarget section */

/* Begin PBXProject section */
		27B59B451785DE4A00107F49 /* Project object */ = {
			isa = PBXProject;
			attributes = {
				LastUpgradeCheck = 0500;
				ORGANIZATIONNAME = Cocoaheads;
				TargetAttributes = {
					27B59B6D1785DE4A00107F49 = {
						TestTargetID = 27B59B4C1785DE4A00107F49;
					};
				};
			};
			buildConfigurationList = 27B59B481785DE4A00107F49 /* Build configuration list for PBXProject "LocalWeather" */;
			compatibilityVersion = "Xcode 3.2";
			developmentRegion = English;
			hasScannedForEncodings = 0;
			knownRegions = (
				en,
				Base,
			);
			mainGroup = 27B59B441785DE4A00107F49;
			productRefGroup = 27B59B4E1785DE4A00107F49 /* Products */;
			projectDirPath = "";
			projectRoot = "";
			targets = (
				27B59B4C1785DE4A00107F49 /* LocalWeather */,
				27B59B6D1785DE4A00107F49 /* LocalWeatherTests */,
			);
		};
/* End PBXProject section */

/* Begin PBXResourcesBuildPhase section */
		27B59B4B1785DE4A00107F49 /* Resources */ = {
			isa = PBXResourcesBuildPhase;
			buildActionMask = 2147483647;
			files = (
				27B59B691785DE4A00107F49 /* Images.xcassets in Resources */,
				9AE06A3C185E709A0052AAA1 /* FL_Tampa_Conditions.json in Resources */,
				9AE06A3A185E709A0052AAA1 /* FL_Tampa_Forecast.json in Resources */,
				27B59B5B1785DE4A00107F49 /* InfoPlist.strings in Resources */,
				9AC51962178D95700008D9E2 /* Main.storyboard in Resources */,
				9A09C23E178E3BB3003616B4 /* SVProgressHUD.bundle in Resources */,
			);
			runOnlyForDeploymentPostprocessing = 0;
		};
		27B59B6C1785DE4A00107F49 /* Resources */ = {
			isa = PBXResourcesBuildPhase;
			buildActionMask = 2147483647;
			files = (
				9AE06A3B185E709A0052AAA1 /* FL_Tampa_Forecast.json in Resources */,
				9AE06A3D185E709A0052AAA1 /* FL_Tampa_Conditions.json in Resources */,
				27B59B7A1785DE4A00107F49 /* InfoPlist.strings in Resources */,
			);
			runOnlyForDeploymentPostprocessing = 0;
		};
/* End PBXResourcesBuildPhase section */

/* Begin PBXSourcesBuildPhase section */
		27B59B491785DE4A00107F49 /* Sources */ = {
			isa = PBXSourcesBuildPhase;
			buildActionMask = 2147483647;
			files = (
				9AB72AA817B2607D00E4ACAD /* WeatherForecastDay.m in Sources */,
				27B59B611785DE4A00107F49 /* AppDelegate.m in Sources */,
				27B59BB21786067900107F49 /* WeatherFetcher.m in Sources */,
				27B59B5D1785DE4A00107F49 /* main.m in Sources */,
				9A09C23F178E3BB3003616B4 /* SVProgressHUD.m in Sources */,
				9AE06A30185E29A90052AAA1 /* OHHTTPStubs+NSURLSessionConfiguration.m in Sources */,
				9A09C245178EBD1B003616B4 /* CurrentWeatherView.m in Sources */,
				9A976CF0178F186600040DAA /* WeatherViewController.m in Sources */,
				9A550DA71792CC3700BEB80B /* CurrentWeather.m in Sources */,
				9AE06A36185E29A90052AAA1 /* OHHTTPStubsResponse+JSON.m in Sources */,
				9AE06A34185E29A90052AAA1 /* OHHTTPStubsResponse+HTTPMessage.m in Sources */,
				273BE9C2179B2BA500D7FBA6 /* WeatherData.xcdatamodeld in Sources */,
				9AE06A32185E29A90052AAA1 /* OHHTTPStubsResponse.m in Sources */,
				273BE9CA179B2D0500D7FBA6 /* _CurrentLocalWeather.m in Sources */,
				273BE9CB179B2D0500D7FBA6 /* CurrentLocalWeather.m in Sources */,
				278F0ABD179B33EE0035F125 /* WeatherForecast.m in Sources */,
				9AE06A22185DEB880052AAA1 /* FakeWeatherUndergroundAPI.m in Sources */,
				9AE06A2E185E29A90052AAA1 /* OHHTTPStubs.m in Sources */,
				9A201CD217B3B3810053674E /* ForecastTableCell.m in Sources */,
			);
			runOnlyForDeploymentPostprocessing = 0;
		};
		27B59B6A1785DE4A00107F49 /* Sources */ = {
			isa = PBXSourcesBuildPhase;
			buildActionMask = 2147483647;
			files = (
				9AE06A23185DEB950052AAA1 /* FakeWeatherUndergroundAPI.m in Sources */,
				9AE06A35185E29A90052AAA1 /* OHHTTPStubsResponse+HTTPMessage.m in Sources */,
				27B59BB31786067900107F49 /* WeatherFetcher.m in Sources */,
				9AE06A33185E29A90052AAA1 /* OHHTTPStubsResponse.m in Sources */,
				27B59B7C1785DE4A00107F49 /* LocalWeatherTests.m in Sources */,
				9AE06A2F185E29A90052AAA1 /* OHHTTPStubs.m in Sources */,
				9A550DA81792CC3700BEB80B /* CurrentWeather.m in Sources */,
				9AE06A37185E29A90052AAA1 /* OHHTTPStubsResponse+JSON.m in Sources */,
				9AE06A31185E29A90052AAA1 /* OHHTTPStubs+NSURLSessionConfiguration.m in Sources */,
			);
			runOnlyForDeploymentPostprocessing = 0;
		};
/* End PBXSourcesBuildPhase section */

/* Begin PBXTargetDependency section */
		27B59B741785DE4A00107F49 /* PBXTargetDependency */ = {
			isa = PBXTargetDependency;
			target = 27B59B4C1785DE4A00107F49 /* LocalWeather */;
			targetProxy = 27B59B731785DE4A00107F49 /* PBXContainerItemProxy */;
		};
/* End PBXTargetDependency section */

/* Begin PBXVariantGroup section */
		27B59B591785DE4A00107F49 /* InfoPlist.strings */ = {
			isa = PBXVariantGroup;
			children = (
				27B59B5A1785DE4A00107F49 /* en */,
			);
			name = InfoPlist.strings;
			sourceTree = "<group>";
		};
		27B59B781785DE4A00107F49 /* InfoPlist.strings */ = {
			isa = PBXVariantGroup;
			children = (
				27B59B791785DE4A00107F49 /* en */,
			);
			name = InfoPlist.strings;
			sourceTree = "<group>";
		};
/* End PBXVariantGroup section */

/* Begin XCBuildConfiguration section */
		27B59B7D1785DE4A00107F49 /* Debug */ = {
			isa = XCBuildConfiguration;
			buildSettings = {
				ALWAYS_SEARCH_USER_PATHS = NO;
				CLANG_CXX_LANGUAGE_STANDARD = "gnu++0x";
				CLANG_CXX_LIBRARY = "libc++";
				CLANG_ENABLE_MODULES = YES;
				CLANG_ENABLE_OBJC_ARC = YES;
				CLANG_WARN_BOOL_CONVERSION = YES;
				CLANG_WARN_CONSTANT_CONVERSION = YES;
				CLANG_WARN_DIRECT_OBJC_ISA_USAGE = YES_ERROR;
				CLANG_WARN_EMPTY_BODY = YES;
				CLANG_WARN_ENUM_CONVERSION = YES;
				CLANG_WARN_INT_CONVERSION = YES;
				CLANG_WARN_OBJC_ROOT_CLASS = YES_ERROR;
				CLANG_WARN__DUPLICATE_METHOD_MATCH = YES;
				"CODE_SIGN_IDENTITY[sdk=iphoneos*]" = "iPhone Developer";
				COPY_PHASE_STRIP = NO;
				GCC_C_LANGUAGE_STANDARD = gnu99;
				GCC_DYNAMIC_NO_PIC = NO;
				GCC_OPTIMIZATION_LEVEL = 0;
				GCC_PREPROCESSOR_DEFINITIONS = (
					"DEBUG=1",
					"$(inherited)",
				);
				GCC_SYMBOLS_PRIVATE_EXTERN = NO;
				GCC_WARN_ABOUT_RETURN_TYPE = YES_ERROR;
				GCC_WARN_UNDECLARED_SELECTOR = YES;
				GCC_WARN_UNINITIALIZED_AUTOS = YES;
				GCC_WARN_UNUSED_FUNCTION = YES;
				GCC_WARN_UNUSED_VARIABLE = YES;
				IPHONEOS_DEPLOYMENT_TARGET = 7.0;
				ONLY_ACTIVE_ARCH = YES;
				SDKROOT = iphoneos;
			};
			name = Debug;
		};
		27B59B7E1785DE4A00107F49 /* Release */ = {
			isa = XCBuildConfiguration;
			buildSettings = {
				ALWAYS_SEARCH_USER_PATHS = NO;
				CLANG_CXX_LANGUAGE_STANDARD = "gnu++0x";
				CLANG_CXX_LIBRARY = "libc++";
				CLANG_ENABLE_MODULES = YES;
				CLANG_ENABLE_OBJC_ARC = YES;
				CLANG_WARN_BOOL_CONVERSION = YES;
				CLANG_WARN_CONSTANT_CONVERSION = YES;
				CLANG_WARN_DIRECT_OBJC_ISA_USAGE = YES_ERROR;
				CLANG_WARN_EMPTY_BODY = YES;
				CLANG_WARN_ENUM_CONVERSION = YES;
				CLANG_WARN_INT_CONVERSION = YES;
				CLANG_WARN_OBJC_ROOT_CLASS = YES_ERROR;
				CLANG_WARN__DUPLICATE_METHOD_MATCH = YES;
				"CODE_SIGN_IDENTITY[sdk=iphoneos*]" = "iPhone Developer";
				COPY_PHASE_STRIP = YES;
				ENABLE_NS_ASSERTIONS = NO;
				GCC_C_LANGUAGE_STANDARD = gnu99;
				GCC_WARN_ABOUT_RETURN_TYPE = YES_ERROR;
				GCC_WARN_UNDECLARED_SELECTOR = YES;
				GCC_WARN_UNINITIALIZED_AUTOS = YES;
				GCC_WARN_UNUSED_FUNCTION = YES;
				GCC_WARN_UNUSED_VARIABLE = YES;
				IPHONEOS_DEPLOYMENT_TARGET = 7.0;
				SDKROOT = iphoneos;
				VALIDATE_PRODUCT = YES;
			};
			name = Release;
		};
		27B59B801785DE4A00107F49 /* Debug */ = {
			isa = XCBuildConfiguration;
			buildSettings = {
				ASSETCATALOG_COMPILER_APPICON_NAME = AppIcon;
				ASSETCATALOG_COMPILER_LAUNCHIMAGE_NAME = LaunchImage;
				GCC_PRECOMPILE_PREFIX_HEADER = YES;
				GCC_PREFIX_HEADER = "LocalWeather/LocalWeather-Prefix.pch";
				INFOPLIST_FILE = "LocalWeather/LocalWeather-Info.plist";
				IPHONEOS_DEPLOYMENT_TARGET = 5.1;
				PRODUCT_NAME = "$(TARGET_NAME)";
				WRAPPER_EXTENSION = app;
			};
			name = Debug;
		};
		27B59B811785DE4A00107F49 /* Release */ = {
			isa = XCBuildConfiguration;
			buildSettings = {
				ASSETCATALOG_COMPILER_APPICON_NAME = AppIcon;
				ASSETCATALOG_COMPILER_LAUNCHIMAGE_NAME = LaunchImage;
				GCC_PRECOMPILE_PREFIX_HEADER = YES;
				GCC_PREFIX_HEADER = "LocalWeather/LocalWeather-Prefix.pch";
				INFOPLIST_FILE = "LocalWeather/LocalWeather-Info.plist";
				IPHONEOS_DEPLOYMENT_TARGET = 5.1;
				PRODUCT_NAME = "$(TARGET_NAME)";
				WRAPPER_EXTENSION = app;
			};
			name = Release;
		};
		27B59B831785DE4A00107F49 /* Debug */ = {
			isa = XCBuildConfiguration;
			buildSettings = {
				BUNDLE_LOADER = "$(BUILT_PRODUCTS_DIR)/LocalWeather.app/LocalWeather";
				FRAMEWORK_SEARCH_PATHS = (
					"$(SDKROOT)/Developer/Library/Frameworks",
					"$(inherited)",
					"$(SYSTEM_APPS_DIR)/Xcode5-DP2.app/Contents/Developer/Library/Frameworks",
				);
				GCC_PRECOMPILE_PREFIX_HEADER = YES;
				GCC_PREFIX_HEADER = "LocalWeather/LocalWeather-Prefix.pch";
				GCC_PREPROCESSOR_DEFINITIONS = (
					"DEBUG=1",
					"$(inherited)",
				);
				INFOPLIST_FILE = "LocalWeatherTests/LocalWeatherTests-Info.plist";
				PRODUCT_NAME = "$(TARGET_NAME)";
				TEST_HOST = "$(BUNDLE_LOADER)";
				WRAPPER_EXTENSION = xctest;
			};
			name = Debug;
		};
		27B59B841785DE4A00107F49 /* Release */ = {
			isa = XCBuildConfiguration;
			buildSettings = {
				BUNDLE_LOADER = "$(BUILT_PRODUCTS_DIR)/LocalWeather.app/LocalWeather";
				FRAMEWORK_SEARCH_PATHS = (
					"$(SDKROOT)/Developer/Library/Frameworks",
					"$(inherited)",
					"$(SYSTEM_APPS_DIR)/Xcode5-DP2.app/Contents/Developer/Library/Frameworks",
				);
				GCC_PRECOMPILE_PREFIX_HEADER = YES;
				GCC_PREFIX_HEADER = "LocalWeather/LocalWeather-Prefix.pch";
				INFOPLIST_FILE = "LocalWeatherTests/LocalWeatherTests-Info.plist";
				PRODUCT_NAME = "$(TARGET_NAME)";
				TEST_HOST = "$(BUNDLE_LOADER)";
				WRAPPER_EXTENSION = xctest;
			};
			name = Release;
		};
/* End XCBuildConfiguration section */

/* Begin XCConfigurationList section */
		27B59B481785DE4A00107F49 /* Build configuration list for PBXProject "LocalWeather" */ = {
			isa = XCConfigurationList;
			buildConfigurations = (
				27B59B7D1785DE4A00107F49 /* Debug */,
				27B59B7E1785DE4A00107F49 /* Release */,
			);
			defaultConfigurationIsVisible = 0;
			defaultConfigurationName = Release;
		};
		27B59B7F1785DE4A00107F49 /* Build configuration list for PBXNativeTarget "LocalWeather" */ = {
			isa = XCConfigurationList;
			buildConfigurations = (
				27B59B801785DE4A00107F49 /* Debug */,
				27B59B811785DE4A00107F49 /* Release */,
			);
			defaultConfigurationIsVisible = 0;
			defaultConfigurationName = Release;
		};
		27B59B821785DE4A00107F49 /* Build configuration list for PBXNativeTarget "LocalWeatherTests" */ = {
			isa = XCConfigurationList;
			buildConfigurations = (
				27B59B831785DE4A00107F49 /* Debug */,
				27B59B841785DE4A00107F49 /* Release */,
			);
			defaultConfigurationIsVisible = 0;
			defaultConfigurationName = Release;
		};
/* End XCConfigurationList section */

/* Begin XCVersionGroup section */
		273BE9C0179B2BA500D7FBA6 /* WeatherData.xcdatamodeld */ = {
			isa = XCVersionGroup;
			children = (
				273BE9C1179B2BA500D7FBA6 /* WeatherData.xcdatamodel */,
			);
			currentVersion = 273BE9C1179B2BA500D7FBA6 /* WeatherData.xcdatamodel */;
			path = WeatherData.xcdatamodeld;
			sourceTree = "<group>";
			versionGroupType = wrapper.xcdatamodel;
		};
/* End XCVersionGroup section */
	};
	rootObject = 27B59B451785DE4A00107F49 /* Project object */;
}
